
Microsoft Visual Studio Solution File, Format Version 12.00
# Visual Studio Version 17
VisualStudioVersion = 17.14.36310.24
MinimumVisualStudioVersion = 10.0.40219.1
Project("{FAE04EC0-301F-11D3-BF4B-00C04F79EFBC}") = "MidiConsole", "MidiConsole\MidiConsole.csproj", "{564773B5-3C61-42B4-BCD7-F0C127384396}"
EndProject
Project("{FAE04EC0-301F-11D3-BF4B-00C04F79EFBC}") = "Midi", "Midi\Midi.csproj", "{7AA100AF-DFFE-49F8-9A4E-47E2A48B70BA}"
EndProject
Global
	GlobalSection(SolutionConfigurationPlatforms) = preSolution
		Debug|Any CPU = Debug|Any CPU
		Release|Any CPU = Release|Any CPU
	EndGlobalSection
	GlobalSection(ProjectConfigurationPlatforms) = postSolution
		{564773B5-3C61-42B4-BCD7-F0C127384396}.Debug|Any CPU.ActiveCfg = Debug|Any CPU
		{564773B5-3C61-42B4-BCD7-F0C127384396}.Debug|Any CPU.Build.0 = Debug|Any CPU
		{564773B5-3C61-42B4-BCD7-F0C127384396}.Release|Any CPU.ActiveCfg = Release|Any CPU
		{564773B5-3C61-42B4-BCD7-F0C127384396}.Release|Any CPU.Build.0 = Release|Any CPU
		{7AA100AF-DFFE-49F8-9A4E-47E2A48B70BA}.Debug|Any CPU.ActiveCfg = Debug|Any CPU
		{7AA100AF-DFFE-49F8-9A4E-47E2A48B70BA}.Debug|Any CPU.Build.0 = Debug|Any CPU
		{7AA100AF-DFFE-49F8-9A4E-47E2A48B70BA}.Release|Any CPU.ActiveCfg = Release|Any CPU
		{7AA100AF-DFFE-49F8-9A4E-47E2A48B70BA}.Release|Any CPU.Build.0 = Release|Any CPU
	EndGlobalSection
	GlobalSection(SolutionProperties) = preSolution
		HideSolutionNode = FALSE
	EndGlobalSection
	GlobalSection(ExtensibilityGlobals) = postSolution
		SolutionGuid = {ED7927FC-FBAB-48FC-95D7-0BC064713B88}
	EndGlobalSection
EndGlobal
